
Microsoft Visual Studio Solution File, Format Version 12.00
# Visual Studio Version 17
VisualStudioVersion = 17.5.33424.131
MinimumVisualStudioVersion = 10.0.40219.1
Project("{FAE04EC0-301F-11D3-BF4B-00C04F79EFBC}") = "ConsoleApp5", "ConsoleApp5\ConsoleApp5.csproj", "{CE4AB553-0818-4BC1-AA9F-64EB3412BF85}"
EndProject
Global
	GlobalSection(SolutionConfigurationPlatforms) = preSolution
		Debug|Any CPU = Debug|Any CPU
		Release|Any CPU = Release|Any CPU
	EndGlobalSection
	GlobalSection(ProjectConfigurationPlatforms) = postSolution
		{CE4AB553-0818-4BC1-AA9F-64EB3412BF85}.Debug|Any CPU.ActiveCfg = Debug|Any CPU
		{CE4AB553-0818-4BC1-AA9F-64EB3412BF85}.Debug|Any CPU.Build.0 = Debug|Any CPU
		{CE4AB553-0818-4BC1-AA9F-64EB3412BF85}.Release|Any CPU.ActiveCfg = Release|Any CPU
		{CE4AB553-0818-4BC1-AA9F-64EB3412BF85}.Release|Any CPU.Build.0 = Release|Any CPU
	EndGlobalSection
	GlobalSection(SolutionProperties) = preSolution
		HideSolutionNode = FALSE
	EndGlobalSection
	GlobalSection(ExtensibilityGlobals) = postSolution
		SolutionGuid = {0DDAA94C-30C2-4F68-949A-5AA4D60B30D8}
	EndGlobalSection
EndGlobal
