
Microsoft Visual Studio Solution File, Format Version 12.00
# Visual Studio Version 17
VisualStudioVersion = 17.3.32929.385
MinimumVisualStudioVersion = 10.0.40219.1
Project("{FAE04EC0-301F-11D3-BF4B-00C04F79EFBC}") = "ConsoleApp1", "ConsoleApp1\ConsoleApp1.csproj", "{D3120307-A1B6-4C75-A237-B80D348FF517}"
EndProject
Global
	GlobalSection(SolutionConfigurationPlatforms) = preSolution
		Debug|Any CPU = Debug|Any CPU
		Release|Any CPU = Release|Any CPU
	EndGlobalSection
	GlobalSection(ProjectConfigurationPlatforms) = postSolution
		{D3120307-A1B6-4C75-A237-B80D348FF517}.Debug|Any CPU.ActiveCfg = Debug|Any CPU
		{D3120307-A1B6-4C75-A237-B80D348FF517}.Debug|Any CPU.Build.0 = Debug|Any CPU
		{D3120307-A1B6-4C75-A237-B80D348FF517}.Release|Any CPU.ActiveCfg = Release|Any CPU
		{D3120307-A1B6-4C75-A237-B80D348FF517}.Release|Any CPU.Build.0 = Release|Any CPU
	EndGlobalSection
	GlobalSection(SolutionProperties) = preSolution
		HideSolutionNode = FALSE
	EndGlobalSection
	GlobalSection(ExtensibilityGlobals) = postSolution
		SolutionGuid = {81221F88-3E9B-48D3-A86C-A6AE7B905BE2}
	EndGlobalSection
EndGlobal
